PODS:
  - Alamofire (5.4.2)
  - AlamofireImage (4.2.0):
    - Alamofire (~> 5.4)

DEPENDENCIES:
  - Alamofire (~> 5.2)
  - AlamofireImage

SPEC REPOS:
  trunk:
    - Alamofire
    - AlamofireImage

SPEC CHECKSUMS:
  Alamofire: bfbc4c2fe5909b1d94fb4ef2277c6b3727ef5dae
  AlamofireImage: 34a2d90b0e5fe6a5605f85ae4b7b01e784c60192

PODFILE CHECKSUM: 8b7652fbcf63af33b2af01e02401bad7f40f77bd

COCOAPODS: 1.9.3
